// !$*UTF8*$!
{
	archiveVersion = 1;
	classes = {
	};
	objectVersion = 50;
	objects = {

/* Begin PBXBuildFile section */
		4AAD0B5B95CFF54161BEDA87 /* Pods_ToolsControl.framework in Frameworks */ = {isa = PBXBuildFile; fileRef = 3918E24A789BDBF72DCC19C1 /* Pods_ToolsControl.framework */; };
		CD10264022BAF7F8000F765F /* Icon.png in Resources */ = {isa = PBXBuildFile; fileRef = CD10263F22BAF7F8000F765F /* Icon.png */; };
		CD4B9D1C22B99A4800DE0945 /* TiposViewController.swift in Sources */ = {isa = PBXBuildFile; fileRef = CD4B9D1B22B99A4800DE0945 /* TiposViewController.swift */; };
		CD8C5FEB22A01892002DD236 /* Snap.swift in Sources */ = {isa = PBXBuildFile; fileRef = CD8C5FEA22A01892002DD236 /* Snap.swift */; };
		CD8C5FED22A0238E002DD236 /* SubViewController.swift in Sources */ = {isa = PBXBuildFile; fileRef = CD8C5FEC22A0238E002DD236 /* SubViewController.swift */; };
		CD8C5FEF22A04011002DD236 /* VerPrestamoViewController.swift in Sources */ = {isa = PBXBuildFile; fileRef = CD8C5FEE22A04011002DD236 /* VerPrestamoViewController.swift */; };
		CD913037229C486D00BE7745 /* AppDelegate.swift in Sources */ = {isa = PBXBuildFile; fileRef = CD913036229C486D00BE7745 /* AppDelegate.swift */; };
		CD913039229C486D00BE7745 /* iniciarSesionViewController.swift in Sources */ = {isa = PBXBuildFile; fileRef = CD913038229C486D00BE7745 /* iniciarSesionViewController.swift */; };
		CD91303C229C486D00BE7745 /* Main.storyboard in Resources */ = {isa = PBXBuildFile; fileRef = CD91303A229C486D00BE7745 /* Main.storyboard */; };
		CD91303E229C486E00BE7745 /* Assets.xcassets in Resources */ = {isa = PBXBuildFile; fileRef = CD91303D229C486E00BE7745 /* Assets.xcassets */; };
		CD913041229C486E00BE7745 /* LaunchScreen.storyboard in Resources */ = {isa = PBXBuildFile; fileRef = CD91303F229C486E00BE7745 /* LaunchScreen.storyboard */; };
		CD913049229C4DFB00BE7745 /* GoogleService-Info.plist in Resources */ = {isa = PBXBuildFile; fileRef = CD913048229C4DFB00BE7745 /* GoogleService-Info.plist */; };
		CD91304C229C61FF00BE7745 /* ControlViewController.swift in Sources */ = {isa = PBXBuildFile; fileRef = CD91304B229C61FF00BE7745 /* ControlViewController.swift */; };
		CD91304E229C66CC00BE7745 /* herramientaViewController.swift in Sources */ = {isa = PBXBuildFile; fileRef = CD91304D229C66CC00BE7745 /* herramientaViewController.swift */; };
		CD913050229C8D3300BE7745 /* ListaHerramientasViewController.swift in Sources */ = {isa = PBXBuildFile; fileRef = CD91304F229C8D3300BE7745 /* ListaHerramientasViewController.swift */; };
		CDA27EFA229F09690017655F /* Usuario.swift in Sources */ = {isa = PBXBuildFile; fileRef = CDA27EF9229F09690017655F /* Usuario.swift */; };
		CDA27EFC229F14720017655F /* RegisterViewController.swift in Sources */ = {isa = PBXBuildFile; fileRef = CDA27EFB229F14720017655F /* RegisterViewController.swift */; };
		CDA27EFE229F2E260017655F /* ElegirUsuarioViewController.swift in Sources */ = {isa = PBXBuildFile; fileRef = CDA27EFD229F2E260017655F /* ElegirUsuarioViewController.swift */; };
		CDA27F00229F2EB60017655F /* prestarViewController.swift in Sources */ = {isa = PBXBuildFile; fileRef = CDA27EFF229F2EB60017655F /* prestarViewController.swift */; };
		CDB10F3622B7F09E003010B1 /* EmpleadoViewController.swift in Sources */ = {isa = PBXBuildFile; fileRef = CDB10F3522B7F09E003010B1 /* EmpleadoViewController.swift */; };
		CDB10F3822B840CA003010B1 /* Herramienta.swift in Sources */ = {isa = PBXBuildFile; fileRef = CDB10F3722B840CA003010B1 /* Herramienta.swift */; };
/* End PBXBuildFile section */

/* Begin PBXFileReference section */
		37CAE90E88E85AE19F6F9A60 /* Pods-ToolsControl.debug.xcconfig */ = {isa = PBXFileReference; includeInIndex = 1; lastKnownFileType = text.xcconfig; name = "Pods-ToolsControl.debug.xcconfig"; path = "Target Support Files/Pods-ToolsControl/Pods-ToolsControl.debug.xcconfig"; sourceTree = "<group>"; };
		3918E24A789BDBF72DCC19C1 /* Pods_ToolsControl.framework */ = {isa = PBXFileReference; explicitFileType = wrapper.framework; includeInIndex = 0; path = Pods_ToolsControl.framework; sourceTree = BUILT_PRODUCTS_DIR; };
		607F573A6A5C45BA12631E39 /* Pods-ToolsControl.release.xcconfig */ = {isa = PBXFileReference; includeInIndex = 1; lastKnownFileType = text.xcconfig; name = "Pods-ToolsControl.release.xcconfig"; path = "Target Support Files/Pods-ToolsControl/Pods-ToolsControl.release.xcconfig"; sourceTree = "<group>"; };
		CD10263F22BAF7F8000F765F /* Icon.png */ = {isa = PBXFileReference; lastKnownFileType = image.png; path = Icon.png; sourceTree = "<group>"; };
		CD4B9D1B22B99A4800DE0945 /* TiposViewController.swift */ = {isa = PBXFileReference; lastKnownFileType = sourcecode.swift; path = TiposViewController.swift; sourceTree = "<group>"; };
		CD8C5FEA22A01892002DD236 /* Snap.swift */ = {isa = PBXFileReference; lastKnownFileType = sourcecode.swift; path = Snap.swift; sourceTree = "<group>"; };
		CD8C5FEC22A0238E002DD236 /* SubViewController.swift */ = {isa = PBXFileReference; lastKnownFileType = sourcecode.swift; path = SubViewController.swift; sourceTree = "<group>"; };
		CD8C5FEE22A04011002DD236 /* VerPrestamoViewController.swift */ = {isa = PBXFileReference; lastKnownFileType = sourcecode.swift; path = VerPrestamoViewController.swift; sourceTree = "<group>"; };
		CD913033229C486D00BE7745 /* ToolsControl.app */ = {isa = PBXFileReference; explicitFileType = wrapper.application; includeInIndex = 0; path = ToolsControl.app; sourceTree = BUILT_PRODUCTS_DIR; };
		CD913036229C486D00BE7745 /* AppDelegate.swift */ = {isa = PBXFileReference; lastKnownFileType = sourcecode.swift; path = AppDelegate.swift; sourceTree = "<group>"; };
		CD913038229C486D00BE7745 /* iniciarSesionViewController.swift */ = {isa = PBXFileReference; lastKnownFileType = sourcecode.swift; path = iniciarSesionViewController.swift; sourceTree = "<group>"; };
		CD91303B229C486D00BE7745 /* Base */ = {isa = PBXFileReference; lastKnownFileType = file.storyboard; name = Base; path = Base.lproj/Main.storyboard; sourceTree = "<group>"; };
		CD91303D229C486E00BE7745 /* Assets.xcassets */ = {isa = PBXFileReference; lastKnownFileType = folder.assetcatalog; path = Assets.xcassets; sourceTree = "<group>"; };
		CD913040229C486E00BE7745 /* Base */ = {isa = PBXFileReference; lastKnownFileType = file.storyboard; name = Base; path = Base.lproj/LaunchScreen.storyboard; sourceTree = "<group>"; };
		CD913042229C486E00BE7745 /* Info.plist */ = {isa = PBXFileReference; lastKnownFileType = text.plist.xml; path = Info.plist; sourceTree = "<group>"; };
		CD913048229C4DFB00BE7745 /* GoogleService-Info.plist */ = {isa = PBXFileReference; fileEncoding = 4; lastKnownFileType = text.plist.xml; path = "GoogleService-Info.plist"; sourceTree = "<group>"; };
		CD91304A229C5A5800BE7745 /* ToolsControl.entitlements */ = {isa = PBXFileReference; lastKnownFileType = text.plist.entitlements; path = ToolsControl.entitlements; sourceTree = "<group>"; };
		CD91304B229C61FF00BE7745 /* ControlViewController.swift */ = {isa = PBXFileReference; lastKnownFileType = sourcecode.swift; path = ControlViewController.swift; sourceTree = "<group>"; };
		CD91304D229C66CC00BE7745 /* herramientaViewController.swift */ = {isa = PBXFileReference; lastKnownFileType = sourcecode.swift; path = herramientaViewController.swift; sourceTree = "<group>"; };
		CD91304F229C8D3300BE7745 /* ListaHerramientasViewController.swift */ = {isa = PBXFileReference; lastKnownFileType = sourcecode.swift; path = ListaHerramientasViewController.swift; sourceTree = "<group>"; };
		CDA27EF9229F09690017655F /* Usuario.swift */ = {isa = PBXFileReference; lastKnownFileType = sourcecode.swift; path = Usuario.swift; sourceTree = "<group>"; };
		CDA27EFB229F14720017655F /* RegisterViewController.swift */ = {isa = PBXFileReference; lastKnownFileType = sourcecode.swift; path = RegisterViewController.swift; sourceTree = "<group>"; };
		CDA27EFD229F2E260017655F /* ElegirUsuarioViewController.swift */ = {isa = PBXFileReference; lastKnownFileType = sourcecode.swift; path = ElegirUsuarioViewController.swift; sourceTree = "<group>"; };
		CDA27EFF229F2EB60017655F /* prestarViewController.swift */ = {isa = PBXFileReference; lastKnownFileType = sourcecode.swift; path = prestarViewController.swift; sourceTree = "<group>"; };
		CDB10F3522B7F09E003010B1 /* EmpleadoViewController.swift */ = {isa = PBXFileReference; lastKnownFileType = sourcecode.swift; path = EmpleadoViewController.swift; sourceTree = "<group>"; };
		CDB10F3722B840CA003010B1 /* Herramienta.swift */ = {isa = PBXFileReference; lastKnownFileType = sourcecode.swift; path = Herramienta.swift; sourceTree = "<group>"; };
/* End PBXFileReference section */

/* Begin PBXFrameworksBuildPhase section */
		CD913030229C486D00BE7745 /* Frameworks */ = {
			isa = PBXFrameworksBuildPhase;
			buildActionMask = 2147483647;
			files = (
				4AAD0B5B95CFF54161BEDA87 /* Pods_ToolsControl.framework in Frameworks */,
			);
			runOnlyForDeploymentPostprocessing = 0;
		};
/* End PBXFrameworksBuildPhase section */

/* Begin PBXGroup section */
		1B09DC18B13B963FCC347A31 /* Frameworks */ = {
			isa = PBXGroup;
			children = (
				3918E24A789BDBF72DCC19C1 /* Pods_ToolsControl.framework */,
			);
			name = Frameworks;
			sourceTree = "<group>";
		};
		6FDD44E90E5242D5FC4F2589 /* Pods */ = {
			isa = PBXGroup;
			children = (
				37CAE90E88E85AE19F6F9A60 /* Pods-ToolsControl.debug.xcconfig */,
				607F573A6A5C45BA12631E39 /* Pods-ToolsControl.release.xcconfig */,
			);
			path = Pods;
			sourceTree = "<group>";
		};
		CD91302A229C486D00BE7745 = {
			isa = PBXGroup;
			children = (
				CD10263F22BAF7F8000F765F /* Icon.png */,
				CD913035229C486D00BE7745 /* ToolsControl */,
				CD913034229C486D00BE7745 /* Products */,
				6FDD44E90E5242D5FC4F2589 /* Pods */,
				1B09DC18B13B963FCC347A31 /* Frameworks */,
			);
			sourceTree = "<group>";
		};
		CD913034229C486D00BE7745 /* Products */ = {
			isa = PBXGroup;
			children = (
				CD913033229C486D00BE7745 /* ToolsControl.app */,
			);
			name = Products;
			sourceTree = "<group>";
		};
		CD913035229C486D00BE7745 /* ToolsControl */ = {
			isa = PBXGroup;
			children = (
				CDA27EF8229F094A0017655F /* Modelos */,
				CDA27EF7229F09290017655F /* ViewControllers */,
				CD91304A229C5A5800BE7745 /* ToolsControl.entitlements */,
				CD913036229C486D00BE7745 /* AppDelegate.swift */,
				CD91303A229C486D00BE7745 /* Main.storyboard */,
				CD91303D229C486E00BE7745 /* Assets.xcassets */,
				CD91303F229C486E00BE7745 /* LaunchScreen.storyboard */,
				CD913042229C486E00BE7745 /* Info.plist */,
				CD913048229C4DFB00BE7745 /* GoogleService-Info.plist */,
			);
			path = ToolsControl;
			sourceTree = "<group>";
		};
		CDA27EF7229F09290017655F /* ViewControllers */ = {
			isa = PBXGroup;
			children = (
				CD913038229C486D00BE7745 /* iniciarSesionViewController.swift */,
				CD91304B229C61FF00BE7745 /* ControlViewController.swift */,
				CD91304D229C66CC00BE7745 /* herramientaViewController.swift */,
				CDA27EFB229F14720017655F /* RegisterViewController.swift */,
				CD91304F229C8D3300BE7745 /* ListaHerramientasViewController.swift */,
				CDA27EFD229F2E260017655F /* ElegirUsuarioViewController.swift */,
				CDA27EFF229F2EB60017655F /* prestarViewController.swift */,
				CD8C5FEC22A0238E002DD236 /* SubViewController.swift */,
				CD8C5FEE22A04011002DD236 /* VerPrestamoViewController.swift */,
				CDB10F3522B7F09E003010B1 /* EmpleadoViewController.swift */,
				CD4B9D1B22B99A4800DE0945 /* TiposViewController.swift */,
			);
			path = ViewControllers;
			sourceTree = "<group>";
		};
		CDA27EF8229F094A0017655F /* Modelos */ = {
			isa = PBXGroup;
			children = (
				CDA27EF9229F09690017655F /* Usuario.swift */,
				CD8C5FEA22A01892002DD236 /* Snap.swift */,
				CDB10F3722B840CA003010B1 /* Herramienta.swift */,
			);
			path = Modelos;
			sourceTree = "<group>";
		};
/* End PBXGroup section */

/* Begin PBXNativeTarget section */
		CD913032229C486D00BE7745 /* ToolsControl */ = {
			isa = PBXNativeTarget;
			buildConfigurationList = CD913045229C486E00BE7745 /* Build configuration list for PBXNativeTarget "ToolsControl" */;
			buildPhases = (
				63B7B970380EAD6B5B3480B1 /* [CP] Check Pods Manifest.lock */,
				CD91302F229C486D00BE7745 /* Sources */,
				CD913030229C486D00BE7745 /* Frameworks */,
				CD913031229C486D00BE7745 /* Resources */,
				ABD76358EB01E49C670BEBFF /* [CP] Embed Pods Frameworks */,
			);
			buildRules = (
			);
			dependencies = (
			);
			name = ToolsControl;
			productName = ToolsControl;
			productReference = CD913033229C486D00BE7745 /* ToolsControl.app */;
			productType = "com.apple.product-type.application";
		};
/* End PBXNativeTarget section */

/* Begin PBXProject section */
		CD91302B229C486D00BE7745 /* Project object */ = {
			isa = PBXProject;
			attributes = {
				LastSwiftUpdateCheck = 1010;
				LastUpgradeCheck = 1010;
				ORGANIZATIONNAME = Glenda;
				TargetAttributes = {
					CD913032229C486D00BE7745 = {
						CreatedOnToolsVersion = 10.1;
						SystemCapabilities = {
							com.apple.Keychain = {
								enabled = 1;
							};
						};
					};
				};
			};
			buildConfigurationList = CD91302E229C486D00BE7745 /* Build configuration list for PBXProject "ToolsControl" */;
			compatibilityVersion = "Xcode 9.3";
			developmentRegion = en;
			hasScannedForEncodings = 0;
			knownRegions = (
				en,
				Base,
			);
			mainGroup = CD91302A229C486D00BE7745;
			productRefGroup = CD913034229C486D00BE7745 /* Products */;
			projectDirPath = "";
			projectRoot = "";
			targets = (
				CD913032229C486D00BE7745 /* ToolsControl */,
			);
		};
/* End PBXProject section */

/* Begin PBXResourcesBuildPhase section */
		CD913031229C486D00BE7745 /* Resources */ = {
			isa = PBXResourcesBuildPhase;
			buildActionMask = 2147483647;
			files = (
				CD913041229C486E00BE7745 /* LaunchScreen.storyboard in Resources */,
				CD913049229C4DFB00BE7745 /* GoogleService-Info.plist in Resources */,
				CD10264022BAF7F8000F765F /* Icon.png in Resources */,
				CD91303E229C486E00BE7745 /* Assets.xcassets in Resources */,
				CD91303C229C486D00BE7745 /* Main.storyboard in Resources */,
			);
			runOnlyForDeploymentPostprocessing = 0;
		};
/* End PBXResourcesBuildPhase section */

/* Begin PBXShellScriptBuildPhase section */
		63B7B970380EAD6B5B3480B1 /* [CP] Check Pods Manifest.lock */ = {
			isa = PBXShellScriptBuildPhase;
			buildActionMask = 2147483647;
			files = (
			);
			inputFileListPaths = (
			);
			inputPaths = (
				"${PODS_PODFILE_DIR_PATH}/Podfile.lock",
				"${PODS_ROOT}/Manifest.lock",
			);
			name = "[CP] Check Pods Manifest.lock";
			outputFileListPaths = (
			);
			outputPaths = (
				"$(DERIVED_FILE_DIR)/Pods-ToolsControl-checkManifestLockResult.txt",
			);
			runOnlyForDeploymentPostprocessing = 0;
			shellPath = /bin/sh;
			shellScript = "diff \"${PODS_PODFILE_DIR_PATH}/Podfile.lock\" \"${PODS_ROOT}/Manifest.lock\" > /dev/null\nif [ $? != 0 ] ; then\n    # print error to STDERR\n    echo \"error: The sandbox is not in sync with the Podfile.lock. Run 'pod install' or update your CocoaPods installation.\" >&2\n    exit 1\nfi\n# This output is used by Xcode 'outputs' to avoid re-running this script phase.\necho \"SUCCESS\" > \"${SCRIPT_OUTPUT_FILE_0}\"\n";
			showEnvVarsInLog = 0;
		};
		ABD76358EB01E49C670BEBFF /* [CP] Embed Pods Frameworks */ = {
			isa = PBXShellScriptBuildPhase;
			buildActionMask = 2147483647;
			files = (
			);
			inputFileListPaths = (
				"${PODS_ROOT}/Target Support Files/Pods-ToolsControl/Pods-ToolsControl-frameworks-${CONFIGURATION}-input-files.xcfilelist",
			);
			name = "[CP] Embed Pods Frameworks";
			outputFileListPaths = (
				"${PODS_ROOT}/Target Support Files/Pods-ToolsControl/Pods-ToolsControl-frameworks-${CONFIGURATION}-output-files.xcfilelist",
			);
			runOnlyForDeploymentPostprocessing = 0;
			shellPath = /bin/sh;
			shellScript = "\"${PODS_ROOT}/Target Support Files/Pods-ToolsControl/Pods-ToolsControl-frameworks.sh\"\n";
			showEnvVarsInLog = 0;
		};
/* End PBXShellScriptBuildPhase section */

/* Begin PBXSourcesBuildPhase section */
		CD91302F229C486D00BE7745 /* Sources */ = {
			isa = PBXSourcesBuildPhase;
			buildActionMask = 2147483647;
			files = (
				CD913039229C486D00BE7745 /* iniciarSesionViewController.swift in Sources */,
				CD8C5FEF22A04011002DD236 /* VerPrestamoViewController.swift in Sources */,
				CD4B9D1C22B99A4800DE0945 /* TiposViewController.swift in Sources */,
				CD8C5FEB22A01892002DD236 /* Snap.swift in Sources */,
				CD8C5FED22A0238E002DD236 /* SubViewController.swift in Sources */,
				CD91304E229C66CC00BE7745 /* herramientaViewController.swift in Sources */,
				CDA27EFC229F14720017655F /* RegisterViewController.swift in Sources */,
				CDA27EFA229F09690017655F /* Usuario.swift in Sources */,
				CDA27F00229F2EB60017655F /* prestarViewController.swift in Sources */,
				CDB10F3822B840CA003010B1 /* Herramienta.swift in Sources */,
				CD91304C229C61FF00BE7745 /* ControlViewController.swift in Sources */,
				CDA27EFE229F2E260017655F /* ElegirUsuarioViewController.swift in Sources */,
				CDB10F3622B7F09E003010B1 /* EmpleadoViewController.swift in Sources */,
				CD913037229C486D00BE7745 /* AppDelegate.swift in Sources */,
				CD913050229C8D3300BE7745 /* ListaHerramientasViewController.swift in Sources */,
			);
			runOnlyForDeploymentPostprocessing = 0;
		};
/* End PBXSourcesBuildPhase section */

/* Begin PBXVariantGroup section */
		CD91303A229C486D00BE7745 /* Main.storyboard */ = {
			isa = PBXVariantGroup;
			children = (
				CD91303B229C486D00BE7745 /* Base */,
			);
			name = Main.storyboard;
			sourceTree = "<group>";
		};
		CD91303F229C486E00BE7745 /* LaunchScreen.storyboard */ = {
			isa = PBXVariantGroup;
			children = (
				CD913040229C486E00BE7745 /* Base */,
			);
			name = LaunchScreen.storyboard;
			sourceTree = "<group>";
		};
/* End PBXVariantGroup section */

/* Begin XCBuildConfiguration section */
		CD913043229C486E00BE7745 /* Debug */ = {
			isa = XCBuildConfiguration;
			buildSettings = {
				ALWAYS_SEARCH_USER_PATHS = NO;
				CLANG_ANALYZER_NONNULL = YES;
				CLANG_ANALYZER_NUMBER_OBJECT_CONVERSION = YES_AGGRESSIVE;
				CLANG_CXX_LANGUAGE_STANDARD = "gnu++14";
				CLANG_CXX_LIBRARY = "libc++";
				CLANG_ENABLE_MODULES = YES;
				CLANG_ENABLE_OBJC_ARC = YES;
				CLANG_ENABLE_OBJC_WEAK = YES;
				CLANG_WARN_BLOCK_CAPTURE_AUTORELEASING = YES;
				CLANG_WARN_BOOL_CONVERSION = YES;
				CLANG_WARN_COMMA = YES;
				CLANG_WARN_CONSTANT_CONVERSION = YES;
				CLANG_WARN_DEPRECATED_OBJC_IMPLEMENTATIONS = YES;
				CLANG_WARN_DIRECT_OBJC_ISA_USAGE = YES_ERROR;
				CLANG_WARN_DOCUMENTATION_COMMENTS = YES;
				CLANG_WARN_EMPTY_BODY = YES;
				CLANG_WARN_ENUM_CONVERSION = YES;
				CLANG_WARN_INFINITE_RECURSION = YES;
				CLANG_WARN_INT_CONVERSION = YES;
				CLANG_WARN_NON_LITERAL_NULL_CONVERSION = YES;
				CLANG_WARN_OBJC_IMPLICIT_RETAIN_SELF = YES;
				CLANG_WARN_OBJC_LITERAL_CONVERSION = YES;
				CLANG_WARN_OBJC_ROOT_CLASS = YES_ERROR;
				CLANG_WARN_RANGE_LOOP_ANALYSIS = YES;
				CLANG_WARN_STRICT_PROTOTYPES = YES;
				CLANG_WARN_SUSPICIOUS_MOVE = YES;
				CLANG_WARN_UNGUARDED_AVAILABILITY = YES_AGGRESSIVE;
				CLANG_WARN_UNREACHABLE_CODE = YES;
				CLANG_WARN__DUPLICATE_METHOD_MATCH = YES;
				CODE_SIGN_IDENTITY = "iPhone Developer";
				COPY_PHASE_STRIP = NO;
				DEBUG_INFORMATION_FORMAT = dwarf;
				ENABLE_STRICT_OBJC_MSGSEND = YES;
				ENABLE_TESTABILITY = YES;
				GCC_C_LANGUAGE_STANDARD = gnu11;
				GCC_DYNAMIC_NO_PIC = NO;
				GCC_NO_COMMON_BLOCKS = YES;
				GCC_OPTIMIZATION_LEVEL = 0;
				GCC_PREPROCESSOR_DEFINITIONS = (
					"DEBUG=1",
					"$(inherited)",
				);
				GCC_WARN_64_TO_32_BIT_CONVERSION = YES;
				GCC_WARN_ABOUT_RETURN_TYPE = YES_ERROR;
				GCC_WARN_UNDECLARED_SELECTOR = YES;
				GCC_WARN_UNINITIALIZED_AUTOS = YES_AGGRESSIVE;
				GCC_WARN_UNUSED_FUNCTION = YES;
				GCC_WARN_UNUSED_VARIABLE = YES;
				IPHONEOS_DEPLOYMENT_TARGET = 12.1;
				MTL_ENABLE_DEBUG_INFO = INCLUDE_SOURCE;
				MTL_FAST_MATH = YES;
				ONLY_ACTIVE_ARCH = YES;
				SDKROOT = iphoneos;
				SWIFT_ACTIVE_COMPILATION_CONDITIONS = DEBUG;
				SWIFT_OPTIMIZATION_LEVEL = "-Onone";
			};
			name = Debug;
		};
		CD913044229C486E00BE7745 /* Release */ = {
			isa = XCBuildConfiguration;
			buildSettings = {
				ALWAYS_SEARCH_USER_PATHS = NO;
				CLANG_ANALYZER_NONNULL = YES;
				CLANG_ANALYZER_NUMBER_OBJECT_CONVERSION = YES_AGGRESSIVE;
				CLANG_CXX_LANGUAGE_STANDARD = "gnu++14";
				CLANG_CXX_LIBRARY = "libc++";
				CLANG_ENABLE_MODULES = YES;
				CLANG_ENABLE_OBJC_ARC = YES;
				CLANG_ENABLE_OBJC_WEAK = YES;
				CLANG_WARN_BLOCK_CAPTURE_AUTORELEASING = YES;
				CLANG_WARN_BOOL_CONVERSION = YES;
				CLANG_WARN_COMMA = YES;
				CLANG_WARN_CONSTANT_CONVERSION = YES;
				CLANG_WARN_DEPRECATED_OBJC_IMPLEMENTATIONS = YES;
				CLANG_WARN_DIRECT_OBJC_ISA_USAGE = YES_ERROR;
				CLANG_WARN_DOCUMENTATION_COMMENTS = YES;
				CLANG_WARN_EMPTY_BODY = YES;
				CLANG_WARN_ENUM_CONVERSION = YES;
				CLANG_WARN_INFINITE_RECURSION = YES;
				CLANG_WARN_INT_CONVERSION = YES;
				CLANG_WARN_NON_LITERAL_NULL_CONVERSION = YES;
				CLANG_WARN_OBJC_IMPLICIT_RETAIN_SELF = YES;
				CLANG_WARN_OBJC_LITERAL_CONVERSION = YES;
				CLANG_WARN_OBJC_ROOT_CLASS = YES_ERROR;
				CLANG_WARN_RANGE_LOOP_ANALYSIS = YES;
				CLANG_WARN_STRICT_PROTOTYPES = YES;
				CLANG_WARN_SUSPICIOUS_MOVE = YES;
				CLANG_WARN_UNGUARDED_AVAILABILITY = YES_AGGRESSIVE;
				CLANG_WARN_UNREACHABLE_CODE = YES;
				CLANG_WARN__DUPLICATE_METHOD_MATCH = YES;
				CODE_SIGN_IDENTITY = "iPhone Developer";
				COPY_PHASE_STRIP = NO;
				DEBUG_INFORMATION_FORMAT = "dwarf-with-dsym";
				ENABLE_NS_ASSERTIONS = NO;
				ENABLE_STRICT_OBJC_MSGSEND = YES;
				GCC_C_LANGUAGE_STANDARD = gnu11;
				GCC_NO_COMMON_BLOCKS = YES;
				GCC_WARN_64_TO_32_BIT_CONVERSION = YES;
				GCC_WARN_ABOUT_RETURN_TYPE = YES_ERROR;
				GCC_WARN_UNDECLARED_SELECTOR = YES;
				GCC_WARN_UNINITIALIZED_AUTOS = YES_AGGRESSIVE;
				GCC_WARN_UNUSED_FUNCTION = YES;
				GCC_WARN_UNUSED_VARIABLE = YES;
				IPHONEOS_DEPLOYMENT_TARGET = 12.1;
				MTL_ENABLE_DEBUG_INFO = NO;
				MTL_FAST_MATH = YES;
				SDKROOT = iphoneos;
				SWIFT_COMPILATION_MODE = wholemodule;
				SWIFT_OPTIMIZATION_LEVEL = "-O";
				VALIDATE_PRODUCT = YES;
			};
			name = Release;
		};
		CD913046229C486E00BE7745 /* Debug */ = {
			isa = XCBuildConfiguration;
			baseConfigurationReference = 37CAE90E88E85AE19F6F9A60 /* Pods-ToolsControl.debug.xcconfig */;
			buildSettings = {
				ASSETCATALOG_COMPILER_APPICON_NAME = AppIcon;
				CODE_SIGN_ENTITLEMENTS = ToolsControl/ToolsControl.entitlements;
				CODE_SIGN_STYLE = Automatic;
				DEVELOPMENT_TEAM = 4MYP8L3DKT;
				INFOPLIST_FILE = ToolsControl/Info.plist;
				LD_RUNPATH_SEARCH_PATHS = (
					"$(inherited)",
					"@executable_path/Frameworks",
				);
				PRODUCT_BUNDLE_IDENTIFIER = com.glenda.ToolsControl;
				PRODUCT_NAME = "$(TARGET_NAME)";
				SWIFT_VERSION = 4.2;
				TARGETED_DEVICE_FAMILY = "1,2";
			};
			name = Debug;
		};
		CD913047229C486E00BE7745 /* Release */ = {
			isa = XCBuildConfiguration;
			baseConfigurationReference = 607F573A6A5C45BA12631E39 /* Pods-ToolsControl.release.xcconfig */;
			buildSettings = {
				ASSETCATALOG_COMPILER_APPICON_NAME = AppIcon;
				CODE_SIGN_ENTITLEMENTS = ToolsControl/ToolsControl.entitlements;
				CODE_SIGN_STYLE = Automatic;
				DEVELOPMENT_TEAM = 4MYP8L3DKT;
				INFOPLIST_FILE = ToolsControl/Info.plist;
				LD_RUNPATH_SEARCH_PATHS = (
					"$(inherited)",
					"@executable_path/Frameworks",
				);
				PRODUCT_BUNDLE_IDENTIFIER = com.glenda.ToolsControl;
				PRODUCT_NAME = "$(TARGET_NAME)";
				SWIFT_VERSION = 4.2;
				TARGETED_DEVICE_FAMILY = "1,2";
			};
			name = Release;
		};
/* End XCBuildConfiguration section */

/* Begin XCConfigurationList section */
		CD91302E229C486D00BE7745 /* Build configuration list for PBXProject "ToolsControl" */ = {
			isa = XCConfigurationList;
			buildConfigurations = (
				CD913043229C486E00BE7745 /* Debug */,
				CD913044229C486E00BE7745 /* Release */,
			);
			defaultConfigurationIsVisible = 0;
			defaultConfigurationName = Release;
		};
		CD913045229C486E00BE7745 /* Build configuration list for PBXNativeTarget "ToolsControl" */ = {
			isa = XCConfigurationList;
			buildConfigurations = (
				CD913046229C486E00BE7745 /* Debug */,
				CD913047229C486E00BE7745 /* Release */,
			);
			defaultConfigurationIsVisible = 0;
			defaultConfigurationName = Release;
		};
/* End XCConfigurationList section */
	};
	rootObject = CD91302B229C486D00BE7745 /* Project object */;
}
